// !$*UTF8*$!
{
	archiveVersion = 1;
	classes = {
	};
	objectVersion = 77;
	objects = {

/* Begin PBXBuildFile section */
		00147A7FF235E1A263FE159E /* SignalScheduleTests.swift in Sources */ = {isa = PBXBuildFile; fileRef = 8F0053315564154256F5CBDE /* SignalScheduleTests.swift */; };
		0BC4FB57B40528A9C782281A /* TimerState.swift in Sources */ = {isa = PBXBuildFile; fileRef = DFE0A89B424E890A2BA99348 /* TimerState.swift */; };
		14339153EEA5C861CFE760D2 /* SignalSchedule.swift in Sources */ = {isa = PBXBuildFile; fileRef = 86F22C9D7FC0DBCF878887CB /* SignalSchedule.swift */; };
		156F7357F9312D408F1B07BE /* TimerDisplay.swift in Sources */ = {isa = PBXBuildFile; fileRef = D242081418D4DCC0749DF533 /* TimerDisplay.swift */; };
		1D1247E78AD2A40C6773F13B /* TutastartWatchApp.swift in Sources */ = {isa = PBXBuildFile; fileRef = 3367CDCD274843A64E6AB430 /* TutastartWatchApp.swift */; };
		22F5AEA95C795FDAEA09F62B /* Tutastart Watch App.app in Embed Watch Content */ = {isa = PBXBuildFile; fileRef = A68DF4CF515D67F9AE6C6DD2 /* Tutastart Watch App.app */; settings = {ATTRIBUTES = (RemoveHeadersOnCopy, ); }; };
		2510CE82ECF0F32CD8E6AEE3 /* TimerState.swift in Sources */ = {isa = PBXBuildFile; fileRef = DFE0A89B424E890A2BA99348 /* TimerState.swift */; };
		27DD25FF9640BF297E288B20 /* TimerStateTests.swift in Sources */ = {isa = PBXBuildFile; fileRef = 96D8774D0473F405FBFE12E2 /* TimerStateTests.swift */; };
		28C1C6703E23EFF61CD2DD1E /* SignalSchedule.swift in Sources */ = {isa = PBXBuildFile; fileRef = 86F22C9D7FC0DBCF878887CB /* SignalSchedule.swift */; };
		2933AFE0B695233C697E57C8 /* AppVersion.swift in Sources */ = {isa = PBXBuildFile; fileRef = 2E5774CEDEB3A281425E1487 /* AppVersion.swift */; };
		2D3DCBF5619DA8F31E4885E8 /* ConnectivityBridge.swift in Sources */ = {isa = PBXBuildFile; fileRef = 0F73C45D43FA94F2AC89FE10 /* ConnectivityBridge.swift */; };
		310991B1E0094030F42BB7B0 /* SignalSchedule.swift in Sources */ = {isa = PBXBuildFile; fileRef = 86F22C9D7FC0DBCF878887CB /* SignalSchedule.swift */; };
		33781E8887508A07589E34FD /* AudioHapticSignaler.swift in Sources */ = {isa = PBXBuildFile; fileRef = 20BB3CA207F071C5A16718F3 /* AudioHapticSignaler.swift */; };
		398E674C9C350AED4A31CA71 /* AppModel.swift in Sources */ = {isa = PBXBuildFile; fileRef = 06DCCCE16B38B34992CE8368 /* AppModel.swift */; };
		3A0387AA1E4ADF9B906CBEDA /* TimerEngine.swift in Sources */ = {isa = PBXBuildFile; fileRef = 2F035D17D98AFD1559FDC20B /* TimerEngine.swift */; };
		3AD1F44DE6A18834FAF1D497 /* TimerView.swift in Sources */ = {isa = PBXBuildFile; fileRef = E9A56865A98E121920C1BC46 /* TimerView.swift */; };
		3AE68D975FD8F7554956D11F /* TimerEngine.swift in Sources */ = {isa = PBXBuildFile; fileRef = 2F035D17D98AFD1559FDC20B /* TimerEngine.swift */; };
		4BD1A7833AC1A06460AF8850 /* TimerState.swift in Sources */ = {isa = PBXBuildFile; fileRef = DFE0A89B424E890A2BA99348 /* TimerState.swift */; };
		613BF9ECBBA36ECBC3E54FBF /* AppModel.swift in Sources */ = {isa = PBXBuildFile; fileRef = 06DCCCE16B38B34992CE8368 /* AppModel.swift */; };
		655AB9653AEBFA25D6B47AEB /* AudioHapticSignaler.swift in Sources */ = {isa = PBXBuildFile; fileRef = 20BB3CA207F071C5A16718F3 /* AudioHapticSignaler.swift */; };
		68D22495F88CEB85AF0075AB /* TimerDisplay.swift in Sources */ = {isa = PBXBuildFile; fileRef = D242081418D4DCC0749DF533 /* TimerDisplay.swift */; };
		7053241F82C7522E343F0660 /* Assets.xcassets in Resources */ = {isa = PBXBuildFile; fileRef = 11C7DE8BE1E128179DB3B174 /* Assets.xcassets */; };
		75376FCA45FD0C87D1826E37 /* TimerDisplay.swift in Sources */ = {isa = PBXBuildFile; fileRef = D242081418D4DCC0749DF533 /* TimerDisplay.swift */; };
		7AC0C3D332E3D84670DC26A5 /* TutastartApp.swift in Sources */ = {isa = PBXBuildFile; fileRef = 0552FD9CBFACEF7FFCF1546F /* TutastartApp.swift */; };
		8308BE139CCCEBDD5AFC7749 /* TimerEngineTests.swift in Sources */ = {isa = PBXBuildFile; fileRef = 805CF82D90CAE30300E2F031 /* TimerEngineTests.swift */; };
		9DBB4BAB58024E820A2D8284 /* TimerEngine.swift in Sources */ = {isa = PBXBuildFile; fileRef = 2F035D17D98AFD1559FDC20B /* TimerEngine.swift */; };
		A33CBA720491EE0BAC3B70B5 /* TimerView.swift in Sources */ = {isa = PBXBuildFile; fileRef = EAB7A93B9B06D5113682CC8A /* TimerView.swift */; };
		AA9790900790FC03DECB12FB /* ConnectivityBridge.swift in Sources */ = {isa = PBXBuildFile; fileRef = 0F73C45D43FA94F2AC89FE10 /* ConnectivityBridge.swift */; };
		AC3CC0E017E54589FFDEE4CF /* AppModel.swift in Sources */ = {isa = PBXBuildFile; fileRef = 06DCCCE16B38B34992CE8368 /* AppModel.swift */; };
		BC13722A3EAE14AF65E4A8A6 /* SettingsView.swift in Sources */ = {isa = PBXBuildFile; fileRef = DFB679D78BF162357C277BB2 /* SettingsView.swift */; };
		BFA05944529BF374D43CA356 /* Assets.xcassets in Resources */ = {isa = PBXBuildFile; fileRef = 15EE613F0192F7D72CA7B705 /* Assets.xcassets */; };
		C53F7F4CA1FF51B38692C586 /* TimerDisplayTests.swift in Sources */ = {isa = PBXBuildFile; fileRef = 6E0952FD4262C99BBE855C5A /* TimerDisplayTests.swift */; };
		CCA85362B9C045E94E481A77 /* RecordingSignaler.swift in Sources */ = {isa = PBXBuildFile; fileRef = EDC34D7368664DA562CC61E9 /* RecordingSignaler.swift */; };
		D45717F4E3D220B41D4C9393 /* AppVersion.swift in Sources */ = {isa = PBXBuildFile; fileRef = 2E5774CEDEB3A281425E1487 /* AppVersion.swift */; };
		E1DDCAC75120D52DDB18C183 /* SettingsView.swift in Sources */ = {isa = PBXBuildFile; fileRef = C73A1A6C6E0860D1937C1210 /* SettingsView.swift */; };
		EAF2C2BF2DE60A6EE04FCBEA /* ConnectivityBridge.swift in Sources */ = {isa = PBXBuildFile; fileRef = 0F73C45D43FA94F2AC89FE10 /* ConnectivityBridge.swift */; };
		F4021309F57D31950EBD46F8 /* AppVersion.swift in Sources */ = {isa = PBXBuildFile; fileRef = 2E5774CEDEB3A281425E1487 /* AppVersion.swift */; };
		F606382C586979986C0ACEED /* AudioHapticSignaler.swift in Sources */ = {isa = PBXBuildFile; fileRef = 20BB3CA207F071C5A16718F3 /* AudioHapticSignaler.swift */; };
/* End PBXBuildFile section */

/* Begin PBXContainerItemProxy section */
		1985CFC477EDCFBDC12F76C7 /* PBXContainerItemProxy */ = {
			isa = PBXContainerItemProxy;
			containerPortal = 7BE2E199807390E4E18C29C6 /* Project object */;
			proxyType = 1;
			remoteGlobalIDString = 8025A6D61930695BE7056D99;
			remoteInfo = "Tutastart Watch App";
		};
/* End PBXContainerItemProxy section */

/* Begin PBXCopyFilesBuildPhase section */
		0B7380A4E8DE711D9452CA79 /* Embed Watch Content */ = {
			isa = PBXCopyFilesBuildPhase;
			buildActionMask = 2147483647;
			dstPath = "$(CONTENTS_FOLDER_PATH)/Watch";
			dstSubfolderSpec = 16;
			files = (
				22F5AEA95C795FDAEA09F62B /* Tutastart Watch App.app in Embed Watch Content */,
			);
			name = "Embed Watch Content";
			runOnlyForDeploymentPostprocessing = 0;
		};
/* End PBXCopyFilesBuildPhase section */

/* Begin PBXFileReference section */
		0552FD9CBFACEF7FFCF1546F /* TutastartApp.swift */ = {isa = PBXFileReference; lastKnownFileType = sourcecode.swift; path = TutastartApp.swift; sourceTree = "<group>"; };
		06DCCCE16B38B34992CE8368 /* AppModel.swift */ = {isa = PBXFileReference; lastKnownFileType = sourcecode.swift; path = AppModel.swift; sourceTree = "<group>"; };
		0F73C45D43FA94F2AC89FE10 /* ConnectivityBridge.swift */ = {isa = PBXFileReference; lastKnownFileType = sourcecode.swift; path = ConnectivityBridge.swift; sourceTree = "<group>"; };
		11C7DE8BE1E128179DB3B174 /* Assets.xcassets */ = {isa = PBXFileReference; lastKnownFileType = folder.assetcatalog; path = Assets.xcassets; sourceTree = "<group>"; };
		15EE613F0192F7D72CA7B705 /* Assets.xcassets */ = {isa = PBXFileReference; lastKnownFileType = folder.assetcatalog; path = Assets.xcassets; sourceTree = "<group>"; };
		20BB3CA207F071C5A16718F3 /* AudioHapticSignaler.swift */ = {isa = PBXFileReference; lastKnownFileType = sourcecode.swift; path = AudioHapticSignaler.swift; sourceTree = "<group>"; };
		2E5774CEDEB3A281425E1487 /* AppVersion.swift */ = {isa = PBXFileReference; lastKnownFileType = sourcecode.swift; path = AppVersion.swift; sourceTree = "<group>"; };
		2F035D17D98AFD1559FDC20B /* TimerEngine.swift */ = {isa = PBXFileReference; lastKnownFileType = sourcecode.swift; path = TimerEngine.swift; sourceTree = "<group>"; };
		3367CDCD274843A64E6AB430 /* TutastartWatchApp.swift */ = {isa = PBXFileReference; lastKnownFileType = sourcecode.swift; path = TutastartWatchApp.swift; sourceTree = "<group>"; };
		6E0952FD4262C99BBE855C5A /* TimerDisplayTests.swift */ = {isa = PBXFileReference; lastKnownFileType = sourcecode.swift; path = TimerDisplayTests.swift; sourceTree = "<group>"; };
		805CF82D90CAE30300E2F031 /* TimerEngineTests.swift */ = {isa = PBXFileReference; lastKnownFileType = sourcecode.swift; path = TimerEngineTests.swift; sourceTree = "<group>"; };
		8526E0FDB89D71CB397BAC68 /* TutastartTests.xctest */ = {isa = PBXFileReference; includeInIndex = 0; lastKnownFileType = wrapper.cfbundle; path = TutastartTests.xctest; sourceTree = BUILT_PRODUCTS_DIR; };
		86F22C9D7FC0DBCF878887CB /* SignalSchedule.swift */ = {isa = PBXFileReference; lastKnownFileType = sourcecode.swift; path = SignalSchedule.swift; sourceTree = "<group>"; };
		8EDECED24AB9845240945FBB /* Info.plist */ = {isa = PBXFileReference; lastKnownFileType = text.plist; path = Info.plist; sourceTree = "<group>"; };
		8F0053315564154256F5CBDE /* SignalScheduleTests.swift */ = {isa = PBXFileReference; lastKnownFileType = sourcecode.swift; path = SignalScheduleTests.swift; sourceTree = "<group>"; };
		96D8774D0473F405FBFE12E2 /* TimerStateTests.swift */ = {isa = PBXFileReference; lastKnownFileType = sourcecode.swift; path = TimerStateTests.swift; sourceTree = "<group>"; };
		A68DF4CF515D67F9AE6C6DD2 /* Tutastart Watch App.app */ = {isa = PBXFileReference; explicitFileType = wrapper.application; includeInIndex = 0; path = "Tutastart Watch App.app"; sourceTree = BUILT_PRODUCTS_DIR; };
		BCF551A6E62788269DF12057 /* Tutastart.app */ = {isa = PBXFileReference; includeInIndex = 0; lastKnownFileType = wrapper.application; path = Tutastart.app; sourceTree = BUILT_PRODUCTS_DIR; };
		C73A1A6C6E0860D1937C1210 /* SettingsView.swift */ = {isa = PBXFileReference; lastKnownFileType = sourcecode.swift; path = SettingsView.swift; sourceTree = "<group>"; };
		D242081418D4DCC0749DF533 /* TimerDisplay.swift */ = {isa = PBXFileReference; lastKnownFileType = sourcecode.swift; path = TimerDisplay.swift; sourceTree = "<group>"; };
		DFB679D78BF162357C277BB2 /* SettingsView.swift */ = {isa = PBXFileReference; lastKnownFileType = sourcecode.swift; path = SettingsView.swift; sourceTree = "<group>"; };
		DFE0A89B424E890A2BA99348 /* TimerState.swift */ = {isa = PBXFileReference; lastKnownFileType = sourcecode.swift; path = TimerState.swift; sourceTree = "<group>"; };
		E9A56865A98E121920C1BC46 /* TimerView.swift */ = {isa = PBXFileReference; lastKnownFileType = sourcecode.swift; path = TimerView.swift; sourceTree = "<group>"; };
		EAB7A93B9B06D5113682CC8A /* TimerView.swift */ = {isa = PBXFileReference; lastKnownFileType = sourcecode.swift; path = TimerView.swift; sourceTree = "<group>"; };
		EDC34D7368664DA562CC61E9 /* RecordingSignaler.swift */ = {isa = PBXFileReference; lastKnownFileType = sourcecode.swift; path = RecordingSignaler.swift; sourceTree = "<group>"; };
/* End PBXFileReference section */

/* Begin PBXGroup section */
		40BC87FF921186DB1AA4334B /* Tests */ = {
			isa = PBXGroup;
			children = (
				EDC34D7368664DA562CC61E9 /* RecordingSignaler.swift */,
				8F0053315564154256F5CBDE /* SignalScheduleTests.swift */,
				6E0952FD4262C99BBE855C5A /* TimerDisplayTests.swift */,
				805CF82D90CAE30300E2F031 /* TimerEngineTests.swift */,
				96D8774D0473F405FBFE12E2 /* TimerStateTests.swift */,
			);
			path = Tests;
			sourceTree = "<group>";
		};
		5342E8FD3339806F7DD613E7 /* Shared */ = {
			isa = PBXGroup;
			children = (
				06DCCCE16B38B34992CE8368 /* AppModel.swift */,
				2E5774CEDEB3A281425E1487 /* AppVersion.swift */,
				20BB3CA207F071C5A16718F3 /* AudioHapticSignaler.swift */,
				0F73C45D43FA94F2AC89FE10 /* ConnectivityBridge.swift */,
				86F22C9D7FC0DBCF878887CB /* SignalSchedule.swift */,
				D242081418D4DCC0749DF533 /* TimerDisplay.swift */,
				2F035D17D98AFD1559FDC20B /* TimerEngine.swift */,
				DFE0A89B424E890A2BA99348 /* TimerState.swift */,
			);
			path = Shared;
			sourceTree = "<group>";
		};
		538026FF6CA7C31009E8DDA9 = {
			isa = PBXGroup;
			children = (
				67FF57DC70739FB179A320C0 /* iOS */,
				5342E8FD3339806F7DD613E7 /* Shared */,
				40BC87FF921186DB1AA4334B /* Tests */,
				88E945848598C7FE632B28F0 /* Watch */,
				C3EDEC2E0EEBB9ABE132CD04 /* Products */,
			);
			sourceTree = "<group>";
		};
		67FF57DC70739FB179A320C0 /* iOS */ = {
			isa = PBXGroup;
			children = (
				11C7DE8BE1E128179DB3B174 /* Assets.xcassets */,
				C73A1A6C6E0860D1937C1210 /* SettingsView.swift */,
				EAB7A93B9B06D5113682CC8A /* TimerView.swift */,
				0552FD9CBFACEF7FFCF1546F /* TutastartApp.swift */,
			);
			path = iOS;
			sourceTree = "<group>";
		};
		88E945848598C7FE632B28F0 /* Watch */ = {
			isa = PBXGroup;
			children = (
				15EE613F0192F7D72CA7B705 /* Assets.xcassets */,
				8EDECED24AB9845240945FBB /* Info.plist */,
				DFB679D78BF162357C277BB2 /* SettingsView.swift */,
				E9A56865A98E121920C1BC46 /* TimerView.swift */,
				3367CDCD274843A64E6AB430 /* TutastartWatchApp.swift */,
			);
			path = Watch;
			sourceTree = "<group>";
		};
		C3EDEC2E0EEBB9ABE132CD04 /* Products */ = {
			isa = PBXGroup;
			children = (
				A68DF4CF515D67F9AE6C6DD2 /* Tutastart Watch App.app */,
				BCF551A6E62788269DF12057 /* Tutastart.app */,
				8526E0FDB89D71CB397BAC68 /* TutastartTests.xctest */,
			);
			name = Products;
			sourceTree = "<group>";
		};
/* End PBXGroup section */

/* Begin PBXNativeTarget section */
		345273CF2EA90C511B526BA3 /* Tutastart */ = {
			isa = PBXNativeTarget;
			buildConfigurationList = 250C94EF9096287E13041D53 /* Build configuration list for PBXNativeTarget "Tutastart" */;
			buildPhases = (
				0ABDDDB16B17AF486AB5C744 /* Sources */,
				1DD7159422066FDCC80421BE /* Resources */,
				0B7380A4E8DE711D9452CA79 /* Embed Watch Content */,
			);
			buildRules = (
			);
			dependencies = (
				3E66DAFE1E7ACA1B588C8146 /* PBXTargetDependency */,
			);
			name = Tutastart;
			packageProductDependencies = (
			);
			productName = Tutastart;
			productReference = BCF551A6E62788269DF12057 /* Tutastart.app */;
			productType = "com.apple.product-type.application";
		};
		8025A6D61930695BE7056D99 /* Tutastart Watch App */ = {
			isa = PBXNativeTarget;
			buildConfigurationList = 54675B0418FC180EEFF48570 /* Build configuration list for PBXNativeTarget "Tutastart Watch App" */;
			buildPhases = (
				D1BAAE5B9C5EDC141C4F23C9 /* Sources */,
				23F2F366122672C1B584C37A /* Resources */,
			);
			buildRules = (
			);
			dependencies = (
			);
			name = "Tutastart Watch App";
			packageProductDependencies = (
			);
			productName = "Tutastart Watch App";
			productReference = A68DF4CF515D67F9AE6C6DD2 /* Tutastart Watch App.app */;
			productType = "com.apple.product-type.application";
		};
		C80089875B4C776D214863E1 /* TutastartTests */ = {
			isa = PBXNativeTarget;
			buildConfigurationList = 709CBBC3DBF32262E874F2BC /* Build configuration list for PBXNativeTarget "TutastartTests" */;
			buildPhases = (
				6DFCABDEC8EA4B24520374F3 /* Sources */,
			);
			buildRules = (
			);
			dependencies = (
			);
			name = TutastartTests;
			packageProductDependencies = (
			);
			productName = TutastartTests;
			productReference = 8526E0FDB89D71CB397BAC68 /* TutastartTests.xctest */;
			productType = "com.apple.product-type.bundle.unit-test";
		};
/* End PBXNativeTarget section */

/* Begin PBXProject section */
		7BE2E199807390E4E18C29C6 /* Project object */ = {
			isa = PBXProject;
			attributes = {
				BuildIndependentTargetsInParallel = YES;
				LastUpgradeCheck = 1430;
				TargetAttributes = {
					345273CF2EA90C511B526BA3 = {
						ProvisioningStyle = Automatic;
					};
					8025A6D61930695BE7056D99 = {
						ProvisioningStyle = Automatic;
					};
					C80089875B4C776D214863E1 = {
						ProvisioningStyle = Automatic;
					};
				};
			};
			buildConfigurationList = 910897A86F8BD49E91B9B367 /* Build configuration list for PBXProject "Tutastart" */;
			developmentRegion = en;
			hasScannedForEncodings = 0;
			knownRegions = (
				Base,
				en,
			);
			mainGroup = 538026FF6CA7C31009E8DDA9;
			minimizedProjectReferenceProxies = 1;
			preferredProjectObjectVersion = 77;
			productRefGroup = C3EDEC2E0EEBB9ABE132CD04 /* Products */;
			projectDirPath = "";
			projectRoot = "";
			targets = (
				345273CF2EA90C511B526BA3 /* Tutastart */,
				8025A6D61930695BE7056D99 /* Tutastart Watch App */,
				C80089875B4C776D214863E1 /* TutastartTests */,
			);
		};
/* End PBXProject section */

/* Begin PBXResourcesBuildPhase section */
		1DD7159422066FDCC80421BE /* Resources */ = {
			isa = PBXResourcesBuildPhase;
			buildActionMask = 2147483647;
			files = (
				7053241F82C7522E343F0660 /* Assets.xcassets in Resources */,
			);
			runOnlyForDeploymentPostprocessing = 0;
		};
		23F2F366122672C1B584C37A /* Resources */ = {
			isa = PBXResourcesBuildPhase;
			buildActionMask = 2147483647;
			files = (
				BFA05944529BF374D43CA356 /* Assets.xcassets in Resources */,
			);
			runOnlyForDeploymentPostprocessing = 0;
		};
/* End PBXResourcesBuildPhase section */

/* Begin PBXSourcesBuildPhase section */
		0ABDDDB16B17AF486AB5C744 /* Sources */ = {
			isa = PBXSourcesBuildPhase;
			buildActionMask = 2147483647;
			files = (
				AC3CC0E017E54589FFDEE4CF /* AppModel.swift in Sources */,
				2933AFE0B695233C697E57C8 /* AppVersion.swift in Sources */,
				F606382C586979986C0ACEED /* AudioHapticSignaler.swift in Sources */,
				EAF2C2BF2DE60A6EE04FCBEA /* ConnectivityBridge.swift in Sources */,
				E1DDCAC75120D52DDB18C183 /* SettingsView.swift in Sources */,
				310991B1E0094030F42BB7B0 /* SignalSchedule.swift in Sources */,
				68D22495F88CEB85AF0075AB /* TimerDisplay.swift in Sources */,
				3A0387AA1E4ADF9B906CBEDA /* TimerEngine.swift in Sources */,
				2510CE82ECF0F32CD8E6AEE3 /* TimerState.swift in Sources */,
				A33CBA720491EE0BAC3B70B5 /* TimerView.swift in Sources */,
				7AC0C3D332E3D84670DC26A5 /* TutastartApp.swift in Sources */,
			);
			runOnlyForDeploymentPostprocessing = 0;
		};
		6DFCABDEC8EA4B24520374F3 /* Sources */ = {
			isa = PBXSourcesBuildPhase;
			buildActionMask = 2147483647;
			files = (
				398E674C9C350AED4A31CA71 /* AppModel.swift in Sources */,
				D45717F4E3D220B41D4C9393 /* AppVersion.swift in Sources */,
				655AB9653AEBFA25D6B47AEB /* AudioHapticSignaler.swift in Sources */,
				2D3DCBF5619DA8F31E4885E8 /* ConnectivityBridge.swift in Sources */,
				CCA85362B9C045E94E481A77 /* RecordingSignaler.swift in Sources */,
				14339153EEA5C861CFE760D2 /* SignalSchedule.swift in Sources */,
				00147A7FF235E1A263FE159E /* SignalScheduleTests.swift in Sources */,
				75376FCA45FD0C87D1826E37 /* TimerDisplay.swift in Sources */,
				C53F7F4CA1FF51B38692C586 /* TimerDisplayTests.swift in Sources */,
				9DBB4BAB58024E820A2D8284 /* TimerEngine.swift in Sources */,
				8308BE139CCCEBDD5AFC7749 /* TimerEngineTests.swift in Sources */,
				0BC4FB57B40528A9C782281A /* TimerState.swift in Sources */,
				27DD25FF9640BF297E288B20 /* TimerStateTests.swift in Sources */,
			);
			runOnlyForDeploymentPostprocessing = 0;
		};
		D1BAAE5B9C5EDC141C4F23C9 /* Sources */ = {
			isa = PBXSourcesBuildPhase;
			buildActionMask = 2147483647;
			files = (
				613BF9ECBBA36ECBC3E54FBF /* AppModel.swift in Sources */,
				F4021309F57D31950EBD46F8 /* AppVersion.swift in Sources */,
				33781E8887508A07589E34FD /* AudioHapticSignaler.swift in Sources */,
				AA9790900790FC03DECB12FB /* ConnectivityBridge.swift in Sources */,
				BC13722A3EAE14AF65E4A8A6 /* SettingsView.swift in Sources */,
				28C1C6703E23EFF61CD2DD1E /* SignalSchedule.swift in Sources */,
				156F7357F9312D408F1B07BE /* TimerDisplay.swift in Sources */,
				3AE68D975FD8F7554956D11F /* TimerEngine.swift in Sources */,
				4BD1A7833AC1A06460AF8850 /* TimerState.swift in Sources */,
				3AD1F44DE6A18834FAF1D497 /* TimerView.swift in Sources */,
				1D1247E78AD2A40C6773F13B /* TutastartWatchApp.swift in Sources */,
			);
			runOnlyForDeploymentPostprocessing = 0;
		};
/* End PBXSourcesBuildPhase section */

/* Begin PBXTargetDependency section */
		3E66DAFE1E7ACA1B588C8146 /* PBXTargetDependency */ = {
			isa = PBXTargetDependency;
			target = 8025A6D61930695BE7056D99 /* Tutastart Watch App */;
			targetProxy = 1985CFC477EDCFBDC12F76C7 /* PBXContainerItemProxy */;
		};
/* End PBXTargetDependency section */

/* Begin XCBuildConfiguration section */
		0951F21759DE870896BA3EF0 /* Debug */ = {
			isa = XCBuildConfiguration;
			buildSettings = {
				ASSETCATALOG_COMPILER_APPICON_NAME = WatchAppIcon;
				GENERATE_INFOPLIST_FILE = NO;
				INFOPLIST_FILE = Watch/Info.plist;
				PRODUCT_BUNDLE_IDENTIFIER = com.arnaud.tutastart.watchkitapp;
				PRODUCT_NAME = Tutastart;
				SDKROOT = watchos;
				SKIP_INSTALL = YES;
				TARGETED_DEVICE_FAMILY = 4;
			};
			name = Debug;
		};
		136D34457AFC8AD3838A2B11 /* Release */ = {
			isa = XCBuildConfiguration;
			buildSettings = {
				BUNDLE_LOADER = "$(TEST_HOST)";
				GENERATE_INFOPLIST_FILE = YES;
				LD_RUNPATH_SEARCH_PATHS = (
					"$(inherited)",
					"@executable_path/Frameworks",
					"@loader_path/Frameworks",
				);
				PRODUCT_BUNDLE_IDENTIFIER = com.arnaud.tutastart.tests;
				SDKROOT = iphoneos;
				TARGETED_DEVICE_FAMILY = "1,2";
			};
			name = Release;
		};
		348596843B0024E6E951C2B2 /* Release */ = {
			isa = XCBuildConfiguration;
			buildSettings = {
				ALWAYS_SEARCH_USER_PATHS = NO;
				CLANG_ANALYZER_NONNULL = YES;
				CLANG_ANALYZER_NUMBER_OBJECT_CONVERSION = YES_AGGRESSIVE;
				CLANG_CXX_LANGUAGE_STANDARD = "gnu++14";
				CLANG_CXX_LIBRARY = "libc++";
				CLANG_ENABLE_MODULES = YES;
				CLANG_ENABLE_OBJC_ARC = YES;
				CLANG_ENABLE_OBJC_WEAK = YES;
				CLANG_WARN_BLOCK_CAPTURE_AUTORELEASING = YES;
				CLANG_WARN_BOOL_CONVERSION = YES;
				CLANG_WARN_COMMA = YES;
				CLANG_WARN_CONSTANT_CONVERSION = YES;
				CLANG_WARN_DEPRECATED_OBJC_IMPLEMENTATIONS = YES;
				CLANG_WARN_DIRECT_OBJC_ISA_USAGE = YES_ERROR;
				CLANG_WARN_DOCUMENTATION_COMMENTS = YES;
				CLANG_WARN_EMPTY_BODY = YES;
				CLANG_WARN_ENUM_CONVERSION = YES;
				CLANG_WARN_INFINITE_RECURSION = YES;
				CLANG_WARN_INT_CONVERSION = YES;
				CLANG_WARN_NON_LITERAL_NULL_CONVERSION = YES;
				CLANG_WARN_OBJC_IMPLICIT_RETAIN_SELF = YES;
				CLANG_WARN_OBJC_LITERAL_CONVERSION = YES;
				CLANG_WARN_OBJC_ROOT_CLASS = YES_ERROR;
				CLANG_WARN_QUOTED_INCLUDE_IN_FRAMEWORK_HEADER = YES;
				CLANG_WARN_RANGE_LOOP_ANALYSIS = YES;
				CLANG_WARN_STRICT_PROTOTYPES = YES;
				CLANG_WARN_SUSPICIOUS_MOVE = YES;
				CLANG_WARN_UNGUARDED_AVAILABILITY = YES_AGGRESSIVE;
				CLANG_WARN_UNREACHABLE_CODE = YES;
				CLANG_WARN__DUPLICATE_METHOD_MATCH = YES;
				CODE_SIGN_STYLE = Automatic;
				COPY_PHASE_STRIP = NO;
				CURRENT_PROJECT_VERSION = 1;
				DEBUG_INFORMATION_FORMAT = "dwarf-with-dsym";
				ENABLE_NS_ASSERTIONS = NO;
				ENABLE_PREVIEWS = YES;
				ENABLE_STRICT_OBJC_MSGSEND = YES;
				GCC_C_LANGUAGE_STANDARD = gnu11;
				GCC_NO_COMMON_BLOCKS = YES;
				GCC_WARN_64_TO_32_BIT_CONVERSION = YES;
				GCC_WARN_ABOUT_RETURN_TYPE = YES_ERROR;
				GCC_WARN_UNDECLARED_SELECTOR = YES;
				GCC_WARN_UNINITIALIZED_AUTOS = YES_AGGRESSIVE;
				GCC_WARN_UNUSED_FUNCTION = YES;
				GCC_WARN_UNUSED_VARIABLE = YES;
				GENERATE_INFOPLIST_FILE = YES;
				IPHONEOS_DEPLOYMENT_TARGET = 18.0;
				MARKETING_VERSION = 1.1;
				MTL_ENABLE_DEBUG_INFO = NO;
				MTL_FAST_MATH = YES;
				PRODUCT_NAME = "$(TARGET_NAME)";
				SWIFT_COMPILATION_MODE = wholemodule;
				SWIFT_OPTIMIZATION_LEVEL = "-O";
				SWIFT_VERSION = 5.10;
				WATCHOS_DEPLOYMENT_TARGET = 11.0;
			};
			name = Release;
		};
		38B28CAE18E8DA0EC7E4BE13 /* Debug */ = {
			isa = XCBuildConfiguration;
			buildSettings = {
				ALWAYS_SEARCH_USER_PATHS = NO;
				CLANG_ANALYZER_NONNULL = YES;
				CLANG_ANALYZER_NUMBER_OBJECT_CONVERSION = YES_AGGRESSIVE;
				CLANG_CXX_LANGUAGE_STANDARD = "gnu++14";
				CLANG_CXX_LIBRARY = "libc++";
				CLANG_ENABLE_MODULES = YES;
				CLANG_ENABLE_OBJC_ARC = YES;
				CLANG_ENABLE_OBJC_WEAK = YES;
				CLANG_WARN_BLOCK_CAPTURE_AUTORELEASING = YES;
				CLANG_WARN_BOOL_CONVERSION = YES;
				CLANG_WARN_COMMA = YES;
				CLANG_WARN_CONSTANT_CONVERSION = YES;
				CLANG_WARN_DEPRECATED_OBJC_IMPLEMENTATIONS = YES;
				CLANG_WARN_DIRECT_OBJC_ISA_USAGE = YES_ERROR;
				CLANG_WARN_DOCUMENTATION_COMMENTS = YES;
				CLANG_WARN_EMPTY_BODY = YES;
				CLANG_WARN_ENUM_CONVERSION = YES;
				CLANG_WARN_INFINITE_RECURSION = YES;
				CLANG_WARN_INT_CONVERSION = YES;
				CLANG_WARN_NON_LITERAL_NULL_CONVERSION = YES;
				CLANG_WARN_OBJC_IMPLICIT_RETAIN_SELF = YES;
				CLANG_WARN_OBJC_LITERAL_CONVERSION = YES;
				CLANG_WARN_OBJC_ROOT_CLASS = YES_ERROR;
				CLANG_WARN_QUOTED_INCLUDE_IN_FRAMEWORK_HEADER = YES;
				CLANG_WARN_RANGE_LOOP_ANALYSIS = YES;
				CLANG_WARN_STRICT_PROTOTYPES = YES;
				CLANG_WARN_SUSPICIOUS_MOVE = YES;
				CLANG_WARN_UNGUARDED_AVAILABILITY = YES_AGGRESSIVE;
				CLANG_WARN_UNREACHABLE_CODE = YES;
				CLANG_WARN__DUPLICATE_METHOD_MATCH = YES;
				CODE_SIGN_STYLE = Automatic;
				COPY_PHASE_STRIP = NO;
				CURRENT_PROJECT_VERSION = 1;
				DEBUG_INFORMATION_FORMAT = dwarf;
				ENABLE_PREVIEWS = YES;
				ENABLE_STRICT_OBJC_MSGSEND = YES;
				ENABLE_TESTABILITY = YES;
				GCC_C_LANGUAGE_STANDARD = gnu11;
				GCC_DYNAMIC_NO_PIC = NO;
				GCC_NO_COMMON_BLOCKS = YES;
				GCC_OPTIMIZATION_LEVEL = 0;
				GCC_PREPROCESSOR_DEFINITIONS = (
					"$(inherited)",
					"DEBUG=1",
				);
				GCC_WARN_64_TO_32_BIT_CONVERSION = YES;
				GCC_WARN_ABOUT_RETURN_TYPE = YES_ERROR;
				GCC_WARN_UNDECLARED_SELECTOR = YES;
				GCC_WARN_UNINITIALIZED_AUTOS = YES_AGGRESSIVE;
				GCC_WARN_UNUSED_FUNCTION = YES;
				GCC_WARN_UNUSED_VARIABLE = YES;
				GENERATE_INFOPLIST_FILE = YES;
				IPHONEOS_DEPLOYMENT_TARGET = 18.0;
				MARKETING_VERSION = 1.1;
				MTL_ENABLE_DEBUG_INFO = INCLUDE_SOURCE;
				MTL_FAST_MATH = YES;
				ONLY_ACTIVE_ARCH = YES;
				PRODUCT_NAME = "$(TARGET_NAME)";
				SWIFT_ACTIVE_COMPILATION_CONDITIONS = DEBUG;
				SWIFT_OPTIMIZATION_LEVEL = "-Onone";
				SWIFT_VERSION = 5.10;
				WATCHOS_DEPLOYMENT_TARGET = 11.0;
			};
			name = Debug;
		};
		499A6448720EB51A65DD1729 /* Release */ = {
			isa = XCBuildConfiguration;
			buildSettings = {
				ASSETCATALOG_COMPILER_APPICON_NAME = AppIcon;
				CODE_SIGN_IDENTITY = "iPhone Developer";
				INFOPLIST_KEY_CFBundleDisplayName = "Pin to Win";
				INFOPLIST_KEY_UIApplicationSceneManifest_Generation = YES;
				INFOPLIST_KEY_UILaunchScreen_Generation = YES;
				INFOPLIST_KEY_UIStatusBarStyle = UIStatusBarStyleLightContent;
				INFOPLIST_KEY_UISupportedInterfaceOrientations = "UIInterfaceOrientationPortrait UIInterfaceOrientationLandscapeLeft UIInterfaceOrientationLandscapeRight";
				LD_RUNPATH_SEARCH_PATHS = (
					"$(inherited)",
					"@executable_path/Frameworks",
				);
				PRODUCT_BUNDLE_IDENTIFIER = com.arnaud.tutastart;
				PRODUCT_NAME = Tutastart;
				SDKROOT = iphoneos;
				SUPPORTS_MACCATALYST = NO;
				TARGETED_DEVICE_FAMILY = 1;
			};
			name = Release;
		};
		7F85B91136B65E50FFBD9617 /* Debug */ = {
			isa = XCBuildConfiguration;
			buildSettings = {
				BUNDLE_LOADER = "$(TEST_HOST)";
				GENERATE_INFOPLIST_FILE = YES;
				LD_RUNPATH_SEARCH_PATHS = (
					"$(inherited)",
					"@executable_path/Frameworks",
					"@loader_path/Frameworks",
				);
				PRODUCT_BUNDLE_IDENTIFIER = com.arnaud.tutastart.tests;
				SDKROOT = iphoneos;
				TARGETED_DEVICE_FAMILY = "1,2";
			};
			name = Debug;
		};
		8ACB95564D87F0A450A7ECFC /* Release */ = {
			isa = XCBuildConfiguration;
			buildSettings = {
				ASSETCATALOG_COMPILER_APPICON_NAME = WatchAppIcon;
				GENERATE_INFOPLIST_FILE = NO;
				INFOPLIST_FILE = Watch/Info.plist;
				PRODUCT_BUNDLE_IDENTIFIER = com.arnaud.tutastart.watchkitapp;
				PRODUCT_NAME = Tutastart;
				SDKROOT = watchos;
				SKIP_INSTALL = YES;
				TARGETED_DEVICE_FAMILY = 4;
			};
			name = Release;
		};
		CE8E73728700A4B791BFE320 /* Debug */ = {
			isa = XCBuildConfiguration;
			buildSettings = {
				ASSETCATALOG_COMPILER_APPICON_NAME = AppIcon;
				CODE_SIGN_IDENTITY = "iPhone Developer";
				INFOPLIST_KEY_CFBundleDisplayName = "Pin to Win";
				INFOPLIST_KEY_UIApplicationSceneManifest_Generation = YES;
				INFOPLIST_KEY_UILaunchScreen_Generation = YES;
				INFOPLIST_KEY_UIStatusBarStyle = UIStatusBarStyleLightContent;
				INFOPLIST_KEY_UISupportedInterfaceOrientations = "UIInterfaceOrientationPortrait UIInterfaceOrientationLandscapeLeft UIInterfaceOrientationLandscapeRight";
				LD_RUNPATH_SEARCH_PATHS = (
					"$(inherited)",
					"@executable_path/Frameworks",
				);
				PRODUCT_BUNDLE_IDENTIFIER = com.arnaud.tutastart;
				PRODUCT_NAME = Tutastart;
				SDKROOT = iphoneos;
				SUPPORTS_MACCATALYST = NO;
				TARGETED_DEVICE_FAMILY = 1;
			};
			name = Debug;
		};
/* End XCBuildConfiguration section */

/* Begin XCConfigurationList section */
		250C94EF9096287E13041D53 /* Build configuration list for PBXNativeTarget "Tutastart" */ = {
			isa = XCConfigurationList;
			buildConfigurations = (
				CE8E73728700A4B791BFE320 /* Debug */,
				499A6448720EB51A65DD1729 /* Release */,
			);
			defaultConfigurationIsVisible = 0;
			defaultConfigurationName = Debug;
		};
		54675B0418FC180EEFF48570 /* Build configuration list for PBXNativeTarget "Tutastart Watch App" */ = {
			isa = XCConfigurationList;
			buildConfigurations = (
				0951F21759DE870896BA3EF0 /* Debug */,
				8ACB95564D87F0A450A7ECFC /* Release */,
			);
			defaultConfigurationIsVisible = 0;
			defaultConfigurationName = Debug;
		};
		709CBBC3DBF32262E874F2BC /* Build configuration list for PBXNativeTarget "TutastartTests" */ = {
			isa = XCConfigurationList;
			buildConfigurations = (
				7F85B91136B65E50FFBD9617 /* Debug */,
				136D34457AFC8AD3838A2B11 /* Release */,
			);
			defaultConfigurationIsVisible = 0;
			defaultConfigurationName = Debug;
		};
		910897A86F8BD49E91B9B367 /* Build configuration list for PBXProject "Tutastart" */ = {
			isa = XCConfigurationList;
			buildConfigurations = (
				38B28CAE18E8DA0EC7E4BE13 /* Debug */,
				348596843B0024E6E951C2B2 /* Release */,
			);
			defaultConfigurationIsVisible = 0;
			defaultConfigurationName = Debug;
		};
/* End XCConfigurationList section */
	};
	rootObject = 7BE2E199807390E4E18C29C6 /* Project object */;
}
